// !$*UTF8*$!
{
	archiveVersion = 1;
	classes = {
	};
	objectVersion = 55;
	objects = {

/* Begin PBXBuildFile section */
		EA40602F27FDD43500F94760 /* AppDelegate.swift in Sources */ = {isa = PBXBuildFile; fileRef = EA40602E27FDD43500F94760 /* AppDelegate.swift */; };
		EA40603127FDD43500F94760 /* SceneDelegate.swift in Sources */ = {isa = PBXBuildFile; fileRef = EA40603027FDD43500F94760 /* SceneDelegate.swift */; };
		EA40603327FDD43500F94760 /* ViewController.swift in Sources */ = {isa = PBXBuildFile; fileRef = EA40603227FDD43500F94760 /* ViewController.swift */; };
		EA40603627FDD43500F94760 /* Main.storyboard in Resources */ = {isa = PBXBuildFile; fileRef = EA40603427FDD43500F94760 /* Main.storyboard */; };
		EA40603827FDD43600F94760 /* Assets.xcassets in Resources */ = {isa = PBXBuildFile; fileRef = EA40603727FDD43600F94760 /* Assets.xcassets */; };
		EA40603B27FDD43600F94760 /* LaunchScreen.storyboard in Resources */ = {isa = PBXBuildFile; fileRef = EA40603927FDD43600F94760 /* LaunchScreen.storyboard */; };
		EA40604627FDD93E00F94760 /* HomeViewController.swift in Sources */ = {isa = PBXBuildFile; fileRef = EA40604527FDD93E00F94760 /* HomeViewController.swift */; };
		EADCCFEE2802CFD500A22E11 /* OverViewController.swift in Sources */ = {isa = PBXBuildFile; fileRef = EADCCFED2802CFD500A22E11 /* OverViewController.swift */; };
/* End PBXBuildFile section */

/* Begin PBXFileReference section */
		EA40602B27FDD43500F94760 /* masakind.app */ = {isa = PBXFileReference; explicitFileType = wrapper.application; includeInIndex = 0; path = masakind.app; sourceTree = BUILT_PRODUCTS_DIR; };
		EA40602E27FDD43500F94760 /* AppDelegate.swift */ = {isa = PBXFileReference; lastKnownFileType = sourcecode.swift; path = AppDelegate.swift; sourceTree = "<group>"; };
		EA40603027FDD43500F94760 /* SceneDelegate.swift */ = {isa = PBXFileReference; lastKnownFileType = sourcecode.swift; path = SceneDelegate.swift; sourceTree = "<group>"; };
		EA40603227FDD43500F94760 /* ViewController.swift */ = {isa = PBXFileReference; lastKnownFileType = sourcecode.swift; path = ViewController.swift; sourceTree = "<group>"; };
		EA40603527FDD43500F94760 /* Base */ = {isa = PBXFileReference; lastKnownFileType = file.storyboard; name = Base; path = Base.lproj/Main.storyboard; sourceTree = "<group>"; };
		EA40603727FDD43600F94760 /* Assets.xcassets */ = {isa = PBXFileReference; lastKnownFileType = folder.assetcatalog; path = Assets.xcassets; sourceTree = "<group>"; };
		EA40603A27FDD43600F94760 /* Base */ = {isa = PBXFileReference; lastKnownFileType = file.storyboard; name = Base; path = Base.lproj/LaunchScreen.storyboard; sourceTree = "<group>"; };
		EA40603C27FDD43600F94760 /* Info.plist */ = {isa = PBXFileReference; lastKnownFileType = text.plist.xml; path = Info.plist; sourceTree = "<group>"; };
		EA40604527FDD93E00F94760 /* HomeViewController.swift */ = {isa = PBXFileReference; lastKnownFileType = sourcecode.swift; path = HomeViewController.swift; sourceTree = "<group>"; };
		EADCCFED2802CFD500A22E11 /* OverViewController.swift */ = {isa = PBXFileReference; lastKnownFileType = sourcecode.swift; path = OverViewController.swift; sourceTree = "<group>"; };
/* End PBXFileReference section */

/* Begin PBXFrameworksBuildPhase section */
		EA40602827FDD43500F94760 /* Frameworks */ = {
			isa = PBXFrameworksBuildPhase;
			buildActionMask = 2147483647;
			files = (
			);
			runOnlyForDeploymentPostprocessing = 0;
		};
/* End PBXFrameworksBuildPhase section */

/* Begin PBXGroup section */
		EA40602227FDD43500F94760 = {
			isa = PBXGroup;
			children = (
				EA40602D27FDD43500F94760 /* masakind */,
				EA40602C27FDD43500F94760 /* Products */,
			);
			sourceTree = "<group>";
		};
		EA40602C27FDD43500F94760 /* Products */ = {
			isa = PBXGroup;
			children = (
				EA40602B27FDD43500F94760 /* masakind.app */,
			);
			name = Products;
			sourceTree = "<group>";
		};
		EA40602D27FDD43500F94760 /* masakind */ = {
			isa = PBXGroup;
			children = (
				EA40604827FDD95600F94760 /* Storyboard */,
				EA40604427FDD89A00F94760 /* View Controller */,
				EA40604227FDD88400F94760 /* Model */,
				EA40602E27FDD43500F94760 /* AppDelegate.swift */,
				EA40603027FDD43500F94760 /* SceneDelegate.swift */,
				EA40603227FDD43500F94760 /* ViewController.swift */,
				EA40603427FDD43500F94760 /* Main.storyboard */,
				EA40603727FDD43600F94760 /* Assets.xcassets */,
				EA40603927FDD43600F94760 /* LaunchScreen.storyboard */,
				EA40603C27FDD43600F94760 /* Info.plist */,
			);
			path = masakind;
			sourceTree = "<group>";
		};
		EA40604227FDD88400F94760 /* Model */ = {
			isa = PBXGroup;
			children = (
			);
			path = Model;
			sourceTree = "<group>";
		};
		EA40604427FDD89A00F94760 /* View Controller */ = {
			isa = PBXGroup;
			children = (
				EA40604527FDD93E00F94760 /* HomeViewController.swift */,
				EADCCFED2802CFD500A22E11 /* OverViewController.swift */,
			);
			path = "View Controller";
			sourceTree = "<group>";
		};
		EA40604827FDD95600F94760 /* Storyboard */ = {
			isa = PBXGroup;
			children = (
			);
			path = Storyboard;
			sourceTree = "<group>";
		};
/* End PBXGroup section */

/* Begin PBXNativeTarget section */
		EA40602A27FDD43500F94760 /* masakind */ = {
			isa = PBXNativeTarget;
			buildConfigurationList = EA40603F27FDD43600F94760 /* Build configuration list for PBXNativeTarget "masakind" */;
			buildPhases = (
				EA40602727FDD43500F94760 /* Sources */,
				EA40602827FDD43500F94760 /* Frameworks */,
				EA40602927FDD43500F94760 /* Resources */,
			);
			buildRules = (
			);
			dependencies = (
			);
			name = masakind;
			productName = masakind;
			productReference = EA40602B27FDD43500F94760 /* masakind.app */;
			productType = "com.apple.product-type.application";
		};
/* End PBXNativeTarget section */

/* Begin PBXProject section */
		EA40602327FDD43500F94760 /* Project object */ = {
			isa = PBXProject;
			attributes = {
				BuildIndependentTargetsInParallel = 1;
				LastSwiftUpdateCheck = 1330;
				LastUpgradeCheck = 1330;
				TargetAttributes = {
					EA40602A27FDD43500F94760 = {
						CreatedOnToolsVersion = 13.3;
					};
				};
			};
			buildConfigurationList = EA40602627FDD43500F94760 /* Build configuration list for PBXProject "masakind" */;
			compatibilityVersion = "Xcode 13.0";
			developmentRegion = en;
			hasScannedForEncodings = 0;
			knownRegions = (
				en,
				Base,
			);
			mainGroup = EA40602227FDD43500F94760;
			productRefGroup = EA40602C27FDD43500F94760 /* Products */;
			projectDirPath = "";
			projectRoot = "";
			targets = (
				EA40602A27FDD43500F94760 /* masakind */,
			);
		};
/* End PBXProject section */

/* Begin PBXResourcesBuildPhase section */
		EA40602927FDD43500F94760 /* Resources */ = {
			isa = PBXResourcesBuildPhase;
			buildActionMask = 2147483647;
			files = (
				EA40603B27FDD43600F94760 /* LaunchScreen.storyboard in Resources */,
				EA40603827FDD43600F94760 /* Assets.xcassets in Resources */,
				EA40603627FDD43500F94760 /* Main.storyboard in Resources */,
			);
			runOnlyForDeploymentPostprocessing = 0;
		};
/* End PBXResourcesBuildPhase section */

/* Begin PBXSourcesBuildPhase section */
		EA40602727FDD43500F94760 /* Sources */ = {
			isa = PBXSourcesBuildPhase;
			buildActionMask = 2147483647;
			files = (
				EADCCFEE2802CFD500A22E11 /* OverViewController.swift in Sources */,
				EA40603327FDD43500F94760 /* ViewController.swift in Sources */,
				EA40602F27FDD43500F94760 /* AppDelegate.swift in Sources */,
				EA40603127FDD43500F94760 /* SceneDelegate.swift in Sources */,
				EA40604627FDD93E00F94760 /* HomeViewController.swift in Sources */,
			);
			runOnlyForDeploymentPostprocessing = 0;
		};
/* End PBXSourcesBuildPhase section */

/* Begin PBXVariantGroup section */
		EA40603427FDD43500F94760 /* Main.storyboard */ = {
			isa = PBXVariantGroup;
			children = (
				EA40603527FDD43500F94760 /* Base */,
			);
			name = Main.storyboard;
			sourceTree = "<group>";
		};
		EA40603927FDD43600F94760 /* LaunchScreen.storyboard */ = {
			isa = PBXVariantGroup;
			children = (
				EA40603A27FDD43600F94760 /* Base */,
			);
			name = LaunchScreen.storyboard;
			sourceTree = "<group>";
		};
/* End PBXVariantGroup section */

/* Begin XCBuildConfiguration section */
		EA40603D27FDD43600F94760 /* Debug */ = {
			isa = XCBuildConfiguration;
			buildSettings = {
				ALWAYS_SEARCH_USER_PATHS = NO;
				CLANG_ANALYZER_NONNULL = YES;
				CLANG_ANALYZER_NUMBER_OBJECT_CONVERSION = YES_AGGRESSIVE;
				CLANG_CXX_LANGUAGE_STANDARD = "gnu++17";
				CLANG_ENABLE_MODULES = YES;
				CLANG_ENABLE_OBJC_ARC = YES;
				CLANG_ENABLE_OBJC_WEAK = YES;
				CLANG_WARN_BLOCK_CAPTURE_AUTORELEASING = YES;
				CLANG_WARN_BOOL_CONVERSION = YES;
				CLANG_WARN_COMMA = YES;
				CLANG_WARN_CONSTANT_CONVERSION = YES;
				CLANG_WARN_DEPRECATED_OBJC_IMPLEMENTATIONS = YES;
				CLANG_WARN_DIRECT_OBJC_ISA_USAGE = YES_ERROR;
				CLANG_WARN_DOCUMENTATION_COMMENTS = YES;
				CLANG_WARN_EMPTY_BODY = YES;
				CLANG_WARN_ENUM_CONVERSION = YES;
				CLANG_WARN_INFINITE_RECURSION = YES;
				CLANG_WARN_INT_CONVERSION = YES;
				CLANG_WARN_NON_LITERAL_NULL_CONVERSION = YES;
				CLANG_WARN_OBJC_IMPLICIT_RETAIN_SELF = YES;
				CLANG_WARN_OBJC_LITERAL_CONVERSION = YES;
				CLANG_WARN_OBJC_ROOT_CLASS = YES_ERROR;
				CLANG_WARN_QUOTED_INCLUDE_IN_FRAMEWORK_HEADER = YES;
				CLANG_WARN_RANGE_LOOP_ANALYSIS = YES;
				CLANG_WARN_STRICT_PROTOTYPES = YES;
				CLANG_WARN_SUSPICIOUS_MOVE = YES;
				CLANG_WARN_UNGUARDED_AVAILABILITY = YES_AGGRESSIVE;
				CLANG_WARN_UNREACHABLE_CODE = YES;
				CLANG_WARN__DUPLICATE_METHOD_MATCH = YES;
				COPY_PHASE_STRIP = NO;
				DEBUG_INFORMATION_FORMAT = dwarf;
				ENABLE_STRICT_OBJC_MSGSEND = YES;
				ENABLE_TESTABILITY = YES;
				GCC_C_LANGUAGE_STANDARD = gnu11;
				GCC_DYNAMIC_NO_PIC = NO;
				GCC_NO_COMMON_BLOCKS = YES;
				GCC_OPTIMIZATION_LEVEL = 0;
				GCC_PREPROCESSOR_DEFINITIONS = (
					"DEBUG=1",
					"$(inherited)",
				);
				GCC_WARN_64_TO_32_BIT_CONVERSION = YES;
				GCC_WARN_ABOUT_RETURN_TYPE = YES_ERROR;
				GCC_WARN_UNDECLARED_SELECTOR = YES;
				GCC_WARN_UNINITIALIZED_AUTOS = YES_AGGRESSIVE;
				GCC_WARN_UNUSED_FUNCTION = YES;
				GCC_WARN_UNUSED_VARIABLE = YES;
				IPHONEOS_DEPLOYMENT_TARGET = 15.4;
				MTL_ENABLE_DEBUG_INFO = INCLUDE_SOURCE;
				MTL_FAST_MATH = YES;
				ONLY_ACTIVE_ARCH = YES;
				SDKROOT = iphoneos;
				SWIFT_ACTIVE_COMPILATION_CONDITIONS = DEBUG;
				SWIFT_OPTIMIZATION_LEVEL = "-Onone";
			};
			name = Debug;
		};
		EA40603E27FDD43600F94760 /* Release */ = {
			isa = XCBuildConfiguration;
			buildSettings = {
				ALWAYS_SEARCH_USER_PATHS = NO;
				CLANG_ANALYZER_NONNULL = YES;
				CLANG_ANALYZER_NUMBER_OBJECT_CONVERSION = YES_AGGRESSIVE;
				CLANG_CXX_LANGUAGE_STANDARD = "gnu++17";
				CLANG_ENABLE_MODULES = YES;
				CLANG_ENABLE_OBJC_ARC = YES;
				CLANG_ENABLE_OBJC_WEAK = YES;
				CLANG_WARN_BLOCK_CAPTURE_AUTORELEASING = YES;
				CLANG_WARN_BOOL_CONVERSION = YES;
				CLANG_WARN_COMMA = YES;
				CLANG_WARN_CONSTANT_CONVERSION = YES;
				CLANG_WARN_DEPRECATED_OBJC_IMPLEMENTATIONS = YES;
				CLANG_WARN_DIRECT_OBJC_ISA_USAGE = YES_ERROR;
				CLANG_WARN_DOCUMENTATION_COMMENTS = YES;
				CLANG_WARN_EMPTY_BODY = YES;
				CLANG_WARN_ENUM_CONVERSION = YES;
				CLANG_WARN_INFINITE_RECURSION = YES;
				CLANG_WARN_INT_CONVERSION = YES;
				CLANG_WARN_NON_LITERAL_NULL_CONVERSION = YES;
				CLANG_WARN_OBJC_IMPLICIT_RETAIN_SELF = YES;
				CLANG_WARN_OBJC_LITERAL_CONVERSION = YES;
				CLANG_WARN_OBJC_ROOT_CLASS = YES_ERROR;
				CLANG_WARN_QUOTED_INCLUDE_IN_FRAMEWORK_HEADER = YES;
				CLANG_WARN_RANGE_LOOP_ANALYSIS = YES;
				CLANG_WARN_STRICT_PROTOTYPES = YES;
				CLANG_WARN_SUSPICIOUS_MOVE = YES;
				CLANG_WARN_UNGUARDED_AVAILABILITY = YES_AGGRESSIVE;
				CLANG_WARN_UNREACHABLE_CODE = YES;
				CLANG_WARN__DUPLICATE_METHOD_MATCH = YES;
				COPY_PHASE_STRIP = NO;
				DEBUG_INFORMATION_FORMAT = "dwarf-with-dsym";
				ENABLE_NS_ASSERTIONS = NO;
				ENABLE_STRICT_OBJC_MSGSEND = YES;
				GCC_C_LANGUAGE_STANDARD = gnu11;
				GCC_NO_COMMON_BLOCKS = YES;
				GCC_WARN_64_TO_32_BIT_CONVERSION = YES;
				GCC_WARN_ABOUT_RETURN_TYPE = YES_ERROR;
				GCC_WARN_UNDECLARED_SELECTOR = YES;
				GCC_WARN_UNINITIALIZED_AUTOS = YES_AGGRESSIVE;
				GCC_WARN_UNUSED_FUNCTION = YES;
				GCC_WARN_UNUSED_VARIABLE = YES;
				IPHONEOS_DEPLOYMENT_TARGET = 15.4;
				MTL_ENABLE_DEBUG_INFO = NO;
				MTL_FAST_MATH = YES;
				SDKROOT = iphoneos;
				SWIFT_COMPILATION_MODE = wholemodule;
				SWIFT_OPTIMIZATION_LEVEL = "-O";
				VALIDATE_PRODUCT = YES;
			};
			name = Release;
		};
		EA40604027FDD43600F94760 /* Debug */ = {
			isa = XCBuildConfiguration;
			buildSettings = {
				ASSETCATALOG_COMPILER_APPICON_NAME = AppIcon;
				ASSETCATALOG_COMPILER_GLOBAL_ACCENT_COLOR_NAME = AccentColor;
				CODE_SIGN_STYLE = Automatic;
				CURRENT_PROJECT_VERSION = 1;
				DEVELOPMENT_TEAM = XUG8PBJYAV;
				GENERATE_INFOPLIST_FILE = YES;
				INFOPLIST_FILE = masakind/Info.plist;
				INFOPLIST_KEY_UIApplicationSupportsIndirectInputEvents = YES;
				INFOPLIST_KEY_UILaunchStoryboardName = LaunchScreen;
				INFOPLIST_KEY_UIMainStoryboardFile = Main;
				INFOPLIST_KEY_UISupportedInterfaceOrientations_iPad = "UIInterfaceOrientationPortrait UIInterfaceOrientationPortraitUpsideDown UIInterfaceOrientationLandscapeLeft UIInterfaceOrientationLandscapeRight";
				INFOPLIST_KEY_UISupportedInterfaceOrientations_iPhone = "UIInterfaceOrientationPortrait UIInterfaceOrientationLandscapeLeft UIInterfaceOrientationLandscapeRight";
				LD_RUNPATH_SEARCH_PATHS = (
					"$(inherited)",
					"@executable_path/Frameworks",
				);
				MARKETING_VERSION = 1.0;
				PRODUCT_BUNDLE_IDENTIFIER = com.ScrambledEgg.masakind;
				PRODUCT_NAME = "$(TARGET_NAME)";
				SWIFT_EMIT_LOC_STRINGS = YES;
				SWIFT_VERSION = 5.0;
				TARGETED_DEVICE_FAMILY = "1,2";
			};
			name = Debug;
		};
		EA40604127FDD43600F94760 /* Release */ = {
			isa = XCBuildConfiguration;
			buildSettings = {
				ASSETCATALOG_COMPILER_APPICON_NAME = AppIcon;
				ASSETCATALOG_COMPILER_GLOBAL_ACCENT_COLOR_NAME = AccentColor;
				CODE_SIGN_STYLE = Automatic;
				CURRENT_PROJECT_VERSION = 1;
				DEVELOPMENT_TEAM = XUG8PBJYAV;
				GENERATE_INFOPLIST_FILE = YES;
				INFOPLIST_FILE = masakind/Info.plist;
				INFOPLIST_KEY_UIApplicationSupportsIndirectInputEvents = YES;
				INFOPLIST_KEY_UILaunchStoryboardName = LaunchScreen;
				INFOPLIST_KEY_UIMainStoryboardFile = Main;
				INFOPLIST_KEY_UISupportedInterfaceOrientations_iPad = "UIInterfaceOrientationPortrait UIInterfaceOrientationPortraitUpsideDown UIInterfaceOrientationLandscapeLeft UIInterfaceOrientationLandscapeRight";
				INFOPLIST_KEY_UISupportedInterfaceOrientations_iPhone = "UIInterfaceOrientationPortrait UIInterfaceOrientationLandscapeLeft UIInterfaceOrientationLandscapeRight";
				LD_RUNPATH_SEARCH_PATHS = (
					"$(inherited)",
					"@executable_path/Frameworks",
				);
				MARKETING_VERSION = 1.0;
				PRODUCT_BUNDLE_IDENTIFIER = com.ScrambledEgg.masakind;
				PRODUCT_NAME = "$(TARGET_NAME)";
				SWIFT_EMIT_LOC_STRINGS = YES;
				SWIFT_VERSION = 5.0;
				TARGETED_DEVICE_FAMILY = "1,2";
			};
			name = Release;
		};
/* End XCBuildConfiguration section */

/* Begin XCConfigurationList section */
		EA40602627FDD43500F94760 /* Build configuration list for PBXProject "masakind" */ = {
			isa = XCConfigurationList;
			buildConfigurations = (
				EA40603D27FDD43600F94760 /* Debug */,
				EA40603E27FDD43600F94760 /* Release */,
			);
			defaultConfigurationIsVisible = 0;
			defaultConfigurationName = Release;
		};
		EA40603F27FDD43600F94760 /* Build configuration list for PBXNativeTarget "masakind" */ = {
			isa = XCConfigurationList;
			buildConfigurations = (
				EA40604027FDD43600F94760 /* Debug */,
				EA40604127FDD43600F94760 /* Release */,
			);
			defaultConfigurationIsVisible = 0;
			defaultConfigurationName = Release;
		};
/* End XCConfigurationList section */
	};
	rootObject = EA40602327FDD43500F94760 /* Project object */;
}
